
Microsoft Visual Studio Solution File, Format Version 12.00
# Visual Studio Version 16
VisualStudioVersion = 16.0.33529.622
MinimumVisualStudioVersion = 10.0.40219.1
Project("{FAE04EC0-301F-11D3-BF4B-00C04F79EFBC}") = "Budget_App_Main", "test\Budget_App_Main.csproj", "{BDEB78FA-AB7F-44F7-BCE7-A5030164292A}"
EndProject
Global
	GlobalSection(SolutionConfigurationPlatforms) = preSolution
		Debug|Any CPU = Debug|Any CPU
		Release|Any CPU = Release|Any CPU
	EndGlobalSection
	GlobalSection(ProjectConfigurationPlatforms) = postSolution
		{BDEB78FA-AB7F-44F7-BCE7-A5030164292A}.Debug|Any CPU.ActiveCfg = Debug|Any CPU
		{BDEB78FA-AB7F-44F7-BCE7-A5030164292A}.Debug|Any CPU.Build.0 = Debug|Any CPU
		{BDEB78FA-AB7F-44F7-BCE7-A5030164292A}.Release|Any CPU.ActiveCfg = Release|Any CPU
		{BDEB78FA-AB7F-44F7-BCE7-A5030164292A}.Release|Any CPU.Build.0 = Release|Any CPU
	EndGlobalSection
	GlobalSection(SolutionProperties) = preSolution
		HideSolutionNode = FALSE
	EndGlobalSection
	GlobalSection(ExtensibilityGlobals) = postSolution
		SolutionGuid = {9E6EEF6E-BEDB-4526-8228-6B9CF1232989}
	EndGlobalSection
EndGlobal
